
Microsoft Visual Studio Solution File, Format Version 12.00
# Visual Studio Version 16
VisualStudioVersion = 16.0.34031.81
MinimumVisualStudioVersion = 10.0.40219.1
Project("{FAE04EC0-301F-11D3-BF4B-00C04F79EFBC}") = "Presentacion", "Presentacion\Presentacion.csproj", "{2B233240-8191-4786-B953-4C9825A898E6}"
EndProject
Project("{FAE04EC0-301F-11D3-BF4B-00C04F79EFBC}") = "Datos", "Datos\Datos.csproj", "{117AB9AF-8349-4567-9389-68A9825D1003}"
EndProject
Project("{FAE04EC0-301F-11D3-BF4B-00C04F79EFBC}") = "Negocio", "Negocio\Negocio.csproj", "{5E9514B1-B0C7-4473-922F-4E911D0568CD}"
EndProject
Global
	GlobalSection(SolutionConfigurationPlatforms) = preSolution
		Debug|Any CPU = Debug|Any CPU
		Release|Any CPU = Release|Any CPU
	EndGlobalSection
	GlobalSection(ProjectConfigurationPlatforms) = postSolution
		{2B233240-8191-4786-B953-4C9825A898E6}.Debug|Any CPU.ActiveCfg = Debug|Any CPU
		{2B233240-8191-4786-B953-4C9825A898E6}.Debug|Any CPU.Build.0 = Debug|Any CPU
		{2B233240-8191-4786-B953-4C9825A898E6}.Release|Any CPU.ActiveCfg = Release|Any CPU
		{2B233240-8191-4786-B953-4C9825A898E6}.Release|Any CPU.Build.0 = Release|Any CPU
		{117AB9AF-8349-4567-9389-68A9825D1003}.Debug|Any CPU.ActiveCfg = Debug|Any CPU
		{117AB9AF-8349-4567-9389-68A9825D1003}.Debug|Any CPU.Build.0 = Debug|Any CPU
		{117AB9AF-8349-4567-9389-68A9825D1003}.Release|Any CPU.ActiveCfg = Release|Any CPU
		{117AB9AF-8349-4567-9389-68A9825D1003}.Release|Any CPU.Build.0 = Release|Any CPU
		{5E9514B1-B0C7-4473-922F-4E911D0568CD}.Debug|Any CPU.ActiveCfg = Debug|Any CPU
		{5E9514B1-B0C7-4473-922F-4E911D0568CD}.Debug|Any CPU.Build.0 = Debug|Any CPU
		{5E9514B1-B0C7-4473-922F-4E911D0568CD}.Release|Any CPU.ActiveCfg = Release|Any CPU
		{5E9514B1-B0C7-4473-922F-4E911D0568CD}.Release|Any CPU.Build.0 = Release|Any CPU
	EndGlobalSection
	GlobalSection(SolutionProperties) = preSolution
		HideSolutionNode = FALSE
	EndGlobalSection
	GlobalSection(ExtensibilityGlobals) = postSolution
		SolutionGuid = {406BBE8A-02D3-4F52-80FE-FD5B90B5C34F}
	EndGlobalSection
EndGlobal
